{
  "version": "5",
  "redirects": {
    "https://esm.sh/@supabase/supabase-js@2": "https://esm.sh/@supabase/supabase-js@2.109.0"
  },
  "remote": {
    "https://esm.sh/@supabase/supabase-js@2.109.0": "52f53c2115605b17cc2d286dfa3f2863c9b78f90433a47e536449e01aea10074"
  },
  "workspace": {
    "packageJson": {
      "dependencies": [
        "npm:@anthropic-ai/sdk@0.82",
        "npm:@supabase/supabase-js@^2.100.0",
        "npm:openai@^6.33.0",
        "npm:opencc-js@^1.3.2",
        "npm:tsx@^4.21.0",
        "npm:typescript@^6.0.2"
      ]
    }
  }
}
